
Microsoft Visual Studio Solution File, Format Version 12.00
# Visual Studio Version 16
VisualStudioVersion = 16.0.29209.62
MinimumVisualStudioVersion = 10.0.40219.1
Project("{9A19103F-16F7-4668-BE54-9A1E7A4F7556}") = "tasks.backend.initservice", "tasks.backend.initservice\tasks.backend.initservice.csproj", "{8D8F3642-6E6A-406E-B718-735F3B8DA07F}"
EndProject
Global
	GlobalSection(SolutionConfigurationPlatforms) = preSolution
		Debug|Any CPU = Debug|Any CPU
		Release|Any CPU = Release|Any CPU
	EndGlobalSection
	GlobalSection(ProjectConfigurationPlatforms) = postSolution
		{8D8F3642-6E6A-406E-B718-735F3B8DA07F}.Debug|Any CPU.ActiveCfg = Debug|Any CPU
		{8D8F3642-6E6A-406E-B718-735F3B8DA07F}.Debug|Any CPU.Build.0 = Debug|Any CPU
		{8D8F3642-6E6A-406E-B718-735F3B8DA07F}.Release|Any CPU.ActiveCfg = Release|Any CPU
		{8D8F3642-6E6A-406E-B718-735F3B8DA07F}.Release|Any CPU.Build.0 = Release|Any CPU
	EndGlobalSection
	GlobalSection(SolutionProperties) = preSolution
		HideSolutionNode = FALSE
	EndGlobalSection
	GlobalSection(ExtensibilityGlobals) = postSolution
		SolutionGuid = {B4AAD8A8-A06C-4D7D-8CC7-EC7254983F84}
	EndGlobalSection
EndGlobal
